
Microsoft Visual Studio Solution File, Format Version 12.00
# Visual Studio Version 16
VisualStudioVersion = 16.0.30907.101
MinimumVisualStudioVersion = 10.0.40219.1
Project("{9A19103F-16F7-4668-BE54-9A1E7A4F7556}") = "RabbitMQEventbus", "RabbitMQEventbus.csproj", "{31146A62-1749-456A-AC66-E8D9BC78CB14}"
EndProject
Global
	GlobalSection(SolutionConfigurationPlatforms) = preSolution
		Debug|Any CPU = Debug|Any CPU
		Release|Any CPU = Release|Any CPU
	EndGlobalSection
	GlobalSection(ProjectConfigurationPlatforms) = postSolution
		{31146A62-1749-456A-AC66-E8D9BC78CB14}.Debug|Any CPU.ActiveCfg = Debug|Any CPU
		{31146A62-1749-456A-AC66-E8D9BC78CB14}.Debug|Any CPU.Build.0 = Debug|Any CPU
		{31146A62-1749-456A-AC66-E8D9BC78CB14}.Release|Any CPU.ActiveCfg = Release|Any CPU
		{31146A62-1749-456A-AC66-E8D9BC78CB14}.Release|Any CPU.Build.0 = Release|Any CPU
	EndGlobalSection
	GlobalSection(SolutionProperties) = preSolution
		HideSolutionNode = FALSE
	EndGlobalSection
	GlobalSection(ExtensibilityGlobals) = postSolution
		SolutionGuid = {F7CCF7A4-D93E-4FC0-9E21-8F394B592759}
	EndGlobalSection
EndGlobal
